// !$*UTF8*$!
{
	archiveVersion = 1;
	classes = {
	};
	objectVersion = 46;
	objects = {

/* Begin PBXBuildFile section */
		F16B9B3D1D4D8007002249D7 /* AppDelegate.swift in Sources */ = {isa = PBXBuildFile; fileRef = F16B9B3C1D4D8007002249D7 /* AppDelegate.swift */; };
		F16B9B3F1D4D8007002249D7 /* ViewController.swift in Sources */ = {isa = PBXBuildFile; fileRef = F16B9B3E1D4D8007002249D7 /* ViewController.swift */; };
		F16B9B421D4D8007002249D7 /* Main.storyboard in Resources */ = {isa = PBXBuildFile; fileRef = F16B9B401D4D8007002249D7 /* Main.storyboard */; };
		F16B9B441D4D8007002249D7 /* Assets.xcassets in Resources */ = {isa = PBXBuildFile; fileRef = F16B9B431D4D8007002249D7 /* Assets.xcassets */; };
		F16B9B471D4D8007002249D7 /* LaunchScreen.storyboard in Resources */ = {isa = PBXBuildFile; fileRef = F16B9B451D4D8007002249D7 /* LaunchScreen.storyboard */; };
		F16B9B521D4D8007002249D7 /* Table_ViewsTests.swift in Sources */ = {isa = PBXBuildFile; fileRef = F16B9B511D4D8007002249D7 /* Table_ViewsTests.swift */; };
		F16B9B5D1D4D8007002249D7 /* Table_ViewsUITests.swift in Sources */ = {isa = PBXBuildFile; fileRef = F16B9B5C1D4D8007002249D7 /* Table_ViewsUITests.swift */; };
/* End PBXBuildFile section */

/* Begin PBXContainerItemProxy section */
		F16B9B4E1D4D8007002249D7 /* PBXContainerItemProxy */ = {
			isa = PBXContainerItemProxy;
			containerPortal = F16B9B311D4D8007002249D7 /* Project object */;
			proxyType = 1;
			remoteGlobalIDString = F16B9B381D4D8007002249D7;
			remoteInfo = "Table Views";
		};
		F16B9B591D4D8007002249D7 /* PBXContainerItemProxy */ = {
			isa = PBXContainerItemProxy;
			containerPortal = F16B9B311D4D8007002249D7 /* Project object */;
			proxyType = 1;
			remoteGlobalIDString = F16B9B381D4D8007002249D7;
			remoteInfo = "Table Views";
		};
/* End PBXContainerItemProxy section */

/* Begin PBXFileReference section */
		F16B9B391D4D8007002249D7 /* Table Views.app */ = {isa = PBXFileReference; explicitFileType = wrapper.application; includeInIndex = 0; path = "Table Views.app"; sourceTree = BUILT_PRODUCTS_DIR; };
		F16B9B3C1D4D8007002249D7 /* AppDelegate.swift */ = {isa = PBXFileReference; lastKnownFileType = sourcecode.swift; path = AppDelegate.swift; sourceTree = "<group>"; };
		F16B9B3E1D4D8007002249D7 /* ViewController.swift */ = {isa = PBXFileReference; lastKnownFileType = sourcecode.swift; path = ViewController.swift; sourceTree = "<group>"; };
		F16B9B411D4D8007002249D7 /* Base */ = {isa = PBXFileReference; lastKnownFileType = file.storyboard; name = Base; path = Base.lproj/Main.storyboard; sourceTree = "<group>"; };
		F16B9B431D4D8007002249D7 /* Assets.xcassets */ = {isa = PBXFileReference; lastKnownFileType = folder.assetcatalog; path = Assets.xcassets; sourceTree = "<group>"; };
		F16B9B461D4D8007002249D7 /* Base */ = {isa = PBXFileReference; lastKnownFileType = file.storyboard; name = Base; path = Base.lproj/LaunchScreen.storyboard; sourceTree = "<group>"; };
		F16B9B481D4D8007002249D7 /* Info.plist */ = {isa = PBXFileReference; lastKnownFileType = text.plist.xml; path = Info.plist; sourceTree = "<group>"; };
		F16B9B4D1D4D8007002249D7 /* Table ViewsTests.xctest */ = {isa = PBXFileReference; explicitFileType = wrapper.cfbundle; includeInIndex = 0; path = "Table ViewsTests.xctest"; sourceTree = BUILT_PRODUCTS_DIR; };
		F16B9B511D4D8007002249D7 /* Table_ViewsTests.swift */ = {isa = PBXFileReference; lastKnownFileType = sourcecode.swift; path = Table_ViewsTests.swift; sourceTree = "<group>"; };
		F16B9B531D4D8007002249D7 /* Info.plist */ = {isa = PBXFileReference; lastKnownFileType = text.plist.xml; path = Info.plist; sourceTree = "<group>"; };
		F16B9B581D4D8007002249D7 /* Table ViewsUITests.xctest */ = {isa = PBXFileReference; explicitFileType = wrapper.cfbundle; includeInIndex = 0; path = "Table ViewsUITests.xctest"; sourceTree = BUILT_PRODUCTS_DIR; };
		F16B9B5C1D4D8007002249D7 /* Table_ViewsUITests.swift */ = {isa = PBXFileReference; lastKnownFileType = sourcecode.swift; path = Table_ViewsUITests.swift; sourceTree = "<group>"; };
		F16B9B5E1D4D8007002249D7 /* Info.plist */ = {isa = PBXFileReference; lastKnownFileType = text.plist.xml; path = Info.plist; sourceTree = "<group>"; };
/* End PBXFileReference section */

/* Begin PBXFrameworksBuildPhase section */
		F16B9B361D4D8007002249D7 /* Frameworks */ = {
			isa = PBXFrameworksBuildPhase;
			buildActionMask = 2147483647;
			files = (
			);
			runOnlyForDeploymentPostprocessing = 0;
		};
		F16B9B4A1D4D8007002249D7 /* Frameworks */ = {
			isa = PBXFrameworksBuildPhase;
			buildActionMask = 2147483647;
			files = (
			);
			runOnlyForDeploymentPostprocessing = 0;
		};
		F16B9B551D4D8007002249D7 /* Frameworks */ = {
			isa = PBXFrameworksBuildPhase;
			buildActionMask = 2147483647;
			files = (
			);
			runOnlyForDeploymentPostprocessing = 0;
		};
/* End PBXFrameworksBuildPhase section */

/* Begin PBXGroup section */
		F16B9B301D4D8007002249D7 = {
			isa = PBXGroup;
			children = (
				F16B9B3B1D4D8007002249D7 /* Table Views */,
				F16B9B501D4D8007002249D7 /* Table ViewsTests */,
				F16B9B5B1D4D8007002249D7 /* Table ViewsUITests */,
				F16B9B3A1D4D8007002249D7 /* Products */,
			);
			sourceTree = "<group>";
		};
		F16B9B3A1D4D8007002249D7 /* Products */ = {
			isa = PBXGroup;
			children = (
				F16B9B391D4D8007002249D7 /* Table Views.app */,
				F16B9B4D1D4D8007002249D7 /* Table ViewsTests.xctest */,
				F16B9B581D4D8007002249D7 /* Table ViewsUITests.xctest */,
			);
			name = Products;
			sourceTree = "<group>";
		};
		F16B9B3B1D4D8007002249D7 /* Table Views */ = {
			isa = PBXGroup;
			children = (
				F16B9B3C1D4D8007002249D7 /* AppDelegate.swift */,
				F16B9B3E1D4D8007002249D7 /* ViewController.swift */,
				F16B9B401D4D8007002249D7 /* Main.storyboard */,
				F16B9B431D4D8007002249D7 /* Assets.xcassets */,
				F16B9B451D4D8007002249D7 /* LaunchScreen.storyboard */,
				F16B9B481D4D8007002249D7 /* Info.plist */,
			);
			path = "Table Views";
			sourceTree = "<group>";
		};
		F16B9B501D4D8007002249D7 /* Table ViewsTests */ = {
			isa = PBXGroup;
			children = (
				F16B9B511D4D8007002249D7 /* Table_ViewsTests.swift */,
				F16B9B531D4D8007002249D7 /* Info.plist */,
			);
			path = "Table ViewsTests";
			sourceTree = "<group>";
		};
		F16B9B5B1D4D8007002249D7 /* Table ViewsUITests */ = {
			isa = PBXGroup;
			children = (
				F16B9B5C1D4D8007002249D7 /* Table_ViewsUITests.swift */,
				F16B9B5E1D4D8007002249D7 /* Info.plist */,
			);
			path = "Table ViewsUITests";
			sourceTree = "<group>";
		};
/* End PBXGroup section */

/* Begin PBXNativeTarget section */
		F16B9B381D4D8007002249D7 /* Table Views */ = {
			isa = PBXNativeTarget;
			buildConfigurationList = F16B9B611D4D8007002249D7 /* Build configuration list for PBXNativeTarget "Table Views" */;
			buildPhases = (
				F16B9B351D4D8007002249D7 /* Sources */,
				F16B9B361D4D8007002249D7 /* Frameworks */,
				F16B9B371D4D8007002249D7 /* Resources */,
			);
			buildRules = (
			);
			dependencies = (
			);
			name = "Table Views";
			productName = "Table Views";
			productReference = F16B9B391D4D8007002249D7 /* Table Views.app */;
			productType = "com.apple.product-type.application";
		};
		F16B9B4C1D4D8007002249D7 /* Table ViewsTests */ = {
			isa = PBXNativeTarget;
			buildConfigurationList = F16B9B641D4D8007002249D7 /* Build configuration list for PBXNativeTarget "Table ViewsTests" */;
			buildPhases = (
				F16B9B491D4D8007002249D7 /* Sources */,
				F16B9B4A1D4D8007002249D7 /* Frameworks */,
				F16B9B4B1D4D8007002249D7 /* Resources */,
			);
			buildRules = (
			);
			dependencies = (
				F16B9B4F1D4D8007002249D7 /* PBXTargetDependency */,
			);
			name = "Table ViewsTests";
			productName = "Table ViewsTests";
			productReference = F16B9B4D1D4D8007002249D7 /* Table ViewsTests.xctest */;
			productType = "com.apple.product-type.bundle.unit-test";
		};
		F16B9B571D4D8007002249D7 /* Table ViewsUITests */ = {
			isa = PBXNativeTarget;
			buildConfigurationList = F16B9B671D4D8007002249D7 /* Build configuration list for PBXNativeTarget "Table ViewsUITests" */;
			buildPhases = (
				F16B9B541D4D8007002249D7 /* Sources */,
				F16B9B551D4D8007002249D7 /* Frameworks */,
				F16B9B561D4D8007002249D7 /* Resources */,
			);
			buildRules = (
			);
			dependencies = (
				F16B9B5A1D4D8007002249D7 /* PBXTargetDependency */,
			);
			name = "Table ViewsUITests";
			productName = "Table ViewsUITests";
			productReference = F16B9B581D4D8007002249D7 /* Table ViewsUITests.xctest */;
			productType = "com.apple.product-type.bundle.ui-testing";
		};
/* End PBXNativeTarget section */

/* Begin PBXProject section */
		F16B9B311D4D8007002249D7 /* Project object */ = {
			isa = PBXProject;
			attributes = {
				LastSwiftUpdateCheck = 0730;
				LastUpgradeCheck = 0730;
				ORGANIZATIONNAME = "Edward Lay";
				TargetAttributes = {
					F16B9B381D4D8007002249D7 = {
						CreatedOnToolsVersion = 7.3.1;
						DevelopmentTeam = R5UZJWHEN9;
					};
					F16B9B4C1D4D8007002249D7 = {
						CreatedOnToolsVersion = 7.3.1;
						DevelopmentTeam = R5UZJWHEN9;
						TestTargetID = F16B9B381D4D8007002249D7;
					};
					F16B9B571D4D8007002249D7 = {
						CreatedOnToolsVersion = 7.3.1;
						DevelopmentTeam = R5UZJWHEN9;
						TestTargetID = F16B9B381D4D8007002249D7;
					};
				};
			};
			buildConfigurationList = F16B9B341D4D8007002249D7 /* Build configuration list for PBXProject "Table Views" */;
			compatibilityVersion = "Xcode 3.2";
			developmentRegion = English;
			hasScannedForEncodings = 0;
			knownRegions = (
				en,
				Base,
			);
			mainGroup = F16B9B301D4D8007002249D7;
			productRefGroup = F16B9B3A1D4D8007002249D7 /* Products */;
			projectDirPath = "";
			projectRoot = "";
			targets = (
				F16B9B381D4D8007002249D7 /* Table Views */,
				F16B9B4C1D4D8007002249D7 /* Table ViewsTests */,
				F16B9B571D4D8007002249D7 /* Table ViewsUITests */,
			);
		};
/* End PBXProject section */

/* Begin PBXResourcesBuildPhase section */
		F16B9B371D4D8007002249D7 /* Resources */ = {
			isa = PBXResourcesBuildPhase;
			buildActionMask = 2147483647;
			files = (
				F16B9B471D4D8007002249D7 /* LaunchScreen.storyboard in Resources */,
				F16B9B441D4D8007002249D7 /* Assets.xcassets in Resources */,
				F16B9B421D4D8007002249D7 /* Main.storyboard in Resources */,
			);
			runOnlyForDeploymentPostprocessing = 0;
		};
		F16B9B4B1D4D8007002249D7 /* Resources */ = {
			isa = PBXResourcesBuildPhase;
			buildActionMask = 2147483647;
			files = (
			);
			runOnlyForDeploymentPostprocessing = 0;
		};
		F16B9B561D4D8007002249D7 /* Resources */ = {
			isa = PBXResourcesBuildPhase;
			buildActionMask = 2147483647;
			files = (
			);
			runOnlyForDeploymentPostprocessing = 0;
		};
/* End PBXResourcesBuildPhase section */

/* Begin PBXSourcesBuildPhase section */
		F16B9B351D4D8007002249D7 /* Sources */ = {
			isa = PBXSourcesBuildPhase;
			buildActionMask = 2147483647;
			files = (
				F16B9B3F1D4D8007002249D7 /* ViewController.swift in Sources */,
				F16B9B3D1D4D8007002249D7 /* AppDelegate.swift in Sources */,
			);
			runOnlyForDeploymentPostprocessing = 0;
		};
		F16B9B491D4D8007002249D7 /* Sources */ = {
			isa = PBXSourcesBuildPhase;
			buildActionMask = 2147483647;
			files = (
				F16B9B521D4D8007002249D7 /* Table_ViewsTests.swift in Sources */,
			);
			runOnlyForDeploymentPostprocessing = 0;
		};
		F16B9B541D4D8007002249D7 /* Sources */ = {
			isa = PBXSourcesBuildPhase;
			buildActionMask = 2147483647;
			files = (
				F16B9B5D1D4D8007002249D7 /* Table_ViewsUITests.swift in Sources */,
			);
			runOnlyForDeploymentPostprocessing = 0;
		};
/* End PBXSourcesBuildPhase section */

/* Begin PBXTargetDependency section */
		F16B9B4F1D4D8007002249D7 /* PBXTargetDependency */ = {
			isa = PBXTargetDependency;
			target = F16B9B381D4D8007002249D7 /* Table Views */;
			targetProxy = F16B9B4E1D4D8007002249D7 /* PBXContainerItemProxy */;
		};
		F16B9B5A1D4D8007002249D7 /* PBXTargetDependency */ = {
			isa = PBXTargetDependency;
			target = F16B9B381D4D8007002249D7 /* Table Views */;
			targetProxy = F16B9B591D4D8007002249D7 /* PBXContainerItemProxy */;
		};
/* End PBXTargetDependency section */

/* Begin PBXVariantGroup section */
		F16B9B401D4D8007002249D7 /* Main.storyboard */ = {
			isa = PBXVariantGroup;
			children = (
				F16B9B411D4D8007002249D7 /* Base */,
			);
			name = Main.storyboard;
			sourceTree = "<group>";
		};
		F16B9B451D4D8007002249D7 /* LaunchScreen.storyboard */ = {
			isa = PBXVariantGroup;
			children = (
				F16B9B461D4D8007002249D7 /* Base */,
			);
			name = LaunchScreen.storyboard;
			sourceTree = "<group>";
		};
/* End PBXVariantGroup section */

/* Begin XCBuildConfiguration section */
		F16B9B5F1D4D8007002249D7 /* Debug */ = {
			isa = XCBuildConfiguration;
			buildSettings = {
				ALWAYS_SEARCH_USER_PATHS = NO;
				CLANG_ANALYZER_NONNULL = YES;
				CLANG_CXX_LANGUAGE_STANDARD = "gnu++0x";
				CLANG_CXX_LIBRARY = "libc++";
				CLANG_ENABLE_MODULES = YES;
				CLANG_ENABLE_OBJC_ARC = YES;
				CLANG_WARN_BOOL_CONVERSION = YES;
				CLANG_WARN_CONSTANT_CONVERSION = YES;
				CLANG_WARN_DIRECT_OBJC_ISA_USAGE = YES_ERROR;
				CLANG_WARN_EMPTY_BODY = YES;
				CLANG_WARN_ENUM_CONVERSION = YES;
				CLANG_WARN_INT_CONVERSION = YES;
				CLANG_WARN_OBJC_ROOT_CLASS = YES_ERROR;
				CLANG_WARN_UNREACHABLE_CODE = YES;
				CLANG_WARN__DUPLICATE_METHOD_MATCH = YES;
				"CODE_SIGN_IDENTITY[sdk=iphoneos*]" = "iPhone Developer";
				COPY_PHASE_STRIP = NO;
				DEBUG_INFORMATION_FORMAT = dwarf;
				ENABLE_STRICT_OBJC_MSGSEND = YES;
				ENABLE_TESTABILITY = YES;
				GCC_C_LANGUAGE_STANDARD = gnu99;
				GCC_DYNAMIC_NO_PIC = NO;
				GCC_NO_COMMON_BLOCKS = YES;
				GCC_OPTIMIZATION_LEVEL = 0;
				GCC_PREPROCESSOR_DEFINITIONS = (
					"DEBUG=1",
					"$(inherited)",
				);
				GCC_WARN_64_TO_32_BIT_CONVERSION = YES;
				GCC_WARN_ABOUT_RETURN_TYPE = YES_ERROR;
				GCC_WARN_UNDECLARED_SELECTOR = YES;
				GCC_WARN_UNINITIALIZED_AUTOS = YES_AGGRESSIVE;
				GCC_WARN_UNUSED_FUNCTION = YES;
				GCC_WARN_UNUSED_VARIABLE = YES;
				IPHONEOS_DEPLOYMENT_TARGET = 9.3;
				MTL_ENABLE_DEBUG_INFO = YES;
				ONLY_ACTIVE_ARCH = YES;
				SDKROOT = iphoneos;
				SWIFT_OPTIMIZATION_LEVEL = "-Onone";
			};
			name = Debug;
		};
		F16B9B601D4D8007002249D7 /* Release */ = {
			isa = XCBuildConfiguration;
			buildSettings = {
				ALWAYS_SEARCH_USER_PATHS = NO;
				CLANG_ANALYZER_NONNULL = YES;
				CLANG_CXX_LANGUAGE_STANDARD = "gnu++0x";
				CLANG_CXX_LIBRARY = "libc++";
				CLANG_ENABLE_MODULES = YES;
				CLANG_ENABLE_OBJC_ARC = YES;
				CLANG_WARN_BOOL_CONVERSION = YES;
				CLANG_WARN_CONSTANT_CONVERSION = YES;
				CLANG_WARN_DIRECT_OBJC_ISA_USAGE = YES_ERROR;
				CLANG_WARN_EMPTY_BODY = YES;
				CLANG_WARN_ENUM_CONVERSION = YES;
				CLANG_WARN_INT_CONVERSION = YES;
				CLANG_WARN_OBJC_ROOT_CLASS = YES_ERROR;
				CLANG_WARN_UNREACHABLE_CODE = YES;
				CLANG_WARN__DUPLICATE_METHOD_MATCH = YES;
				"CODE_SIGN_IDENTITY[sdk=iphoneos*]" = "iPhone Developer";
				COPY_PHASE_STRIP = NO;
				DEBUG_INFORMATION_FORMAT = "dwarf-with-dsym";
				ENABLE_NS_ASSERTIONS = NO;
				ENABLE_STRICT_OBJC_MSGSEND = YES;
				GCC_C_LANGUAGE_STANDARD = gnu99;
				GCC_NO_COMMON_BLOCKS = YES;
				GCC_WARN_64_TO_32_BIT_CONVERSION = YES;
				GCC_WARN_ABOUT_RETURN_TYPE = YES_ERROR;
				GCC_WARN_UNDECLARED_SELECTOR = YES;
				GCC_WARN_UNINITIALIZED_AUTOS = YES_AGGRESSIVE;
				GCC_WARN_UNUSED_FUNCTION = YES;
				GCC_WARN_UNUSED_VARIABLE = YES;
				IPHONEOS_DEPLOYMENT_TARGET = 9.3;
				MTL_ENABLE_DEBUG_INFO = NO;
				SDKROOT = iphoneos;
				VALIDATE_PRODUCT = YES;
			};
			name = Release;
		};
		F16B9B621D4D8007002249D7 /* Debug */ = {
			isa = XCBuildConfiguration;
			buildSettings = {
				ASSETCATALOG_COMPILER_APPICON_NAME = AppIcon;
				INFOPLIST_FILE = "Table Views/Info.plist";
				LD_RUNPATH_SEARCH_PATHS = "$(inherited) @executable_path/Frameworks";
				PRODUCT_BUNDLE_IDENTIFIER = "me.edtechl.Table-Views";
				PRODUCT_NAME = "$(TARGET_NAME)";
			};
			name = Debug;
		};
		F16B9B631D4D8007002249D7 /* Release */ = {
			isa = XCBuildConfiguration;
			buildSettings = {
				ASSETCATALOG_COMPILER_APPICON_NAME = AppIcon;
				INFOPLIST_FILE = "Table Views/Info.plist";
				LD_RUNPATH_SEARCH_PATHS = "$(inherited) @executable_path/Frameworks";
				PRODUCT_BUNDLE_IDENTIFIER = "me.edtechl.Table-Views";
				PRODUCT_NAME = "$(TARGET_NAME)";
			};
			name = Release;
		};
		F16B9B651D4D8007002249D7 /* Debug */ = {
			isa = XCBuildConfiguration;
			buildSettings = {
				BUNDLE_LOADER = "$(TEST_HOST)";
				INFOPLIST_FILE = "Table ViewsTests/Info.plist";
				LD_RUNPATH_SEARCH_PATHS = "$(inherited) @executable_path/Frameworks @loader_path/Frameworks";
				PRODUCT_BUNDLE_IDENTIFIER = "me.edtechl.Table-ViewsTests";
				PRODUCT_NAME = "$(TARGET_NAME)";
				TEST_HOST = "$(BUILT_PRODUCTS_DIR)/Table Views.app/Table Views";
			};
			name = Debug;
		};
		F16B9B661D4D8007002249D7 /* Release */ = {
			isa = XCBuildConfiguration;
			buildSettings = {
				BUNDLE_LOADER = "$(TEST_HOST)";
				INFOPLIST_FILE = "Table ViewsTests/Info.plist";
				LD_RUNPATH_SEARCH_PATHS = "$(inherited) @executable_path/Frameworks @loader_path/Frameworks";
				PRODUCT_BUNDLE_IDENTIFIER = "me.edtechl.Table-ViewsTests";
				PRODUCT_NAME = "$(TARGET_NAME)";
				TEST_HOST = "$(BUILT_PRODUCTS_DIR)/Table Views.app/Table Views";
			};
			name = Release;
		};
		F16B9B681D4D8007002249D7 /* Debug */ = {
			isa = XCBuildConfiguration;
			buildSettings = {
				INFOPLIST_FILE = "Table ViewsUITests/Info.plist";
				LD_RUNPATH_SEARCH_PATHS = "$(inherited) @executable_path/Frameworks @loader_path/Frameworks";
				PRODUCT_BUNDLE_IDENTIFIER = "me.edtechl.Table-ViewsUITests";
				PRODUCT_NAME = "$(TARGET_NAME)";
				TEST_TARGET_NAME = "Table Views";
			};
			name = Debug;
		};
		F16B9B691D4D8007002249D7 /* Release */ = {
			isa = XCBuildConfiguration;
			buildSettings = {
				INFOPLIST_FILE = "Table ViewsUITests/Info.plist";
				LD_RUNPATH_SEARCH_PATHS = "$(inherited) @executable_path/Frameworks @loader_path/Frameworks";
				PRODUCT_BUNDLE_IDENTIFIER = "me.edtechl.Table-ViewsUITests";
				PRODUCT_NAME = "$(TARGET_NAME)";
				TEST_TARGET_NAME = "Table Views";
			};
			name = Release;
		};
/* End XCBuildConfiguration section */

/* Begin XCConfigurationList section */
		F16B9B341D4D8007002249D7 /* Build configuration list for PBXProject "Table Views" */ = {
			isa = XCConfigurationList;
			buildConfigurations = (
				F16B9B5F1D4D8007002249D7 /* Debug */,
				F16B9B601D4D8007002249D7 /* Release */,
			);
			defaultConfigurationIsVisible = 0;
			defaultConfigurationName = Release;
		};
		F16B9B611D4D8007002249D7 /* Build configuration list for PBXNativeTarget "Table Views" */ = {
			isa = XCConfigurationList;
			buildConfigurations = (
				F16B9B621D4D8007002249D7 /* Debug */,
				F16B9B631D4D8007002249D7 /* Release */,
			);
			defaultConfigurationIsVisible = 0;
		};
		F16B9B641D4D8007002249D7 /* Build configuration list for PBXNativeTarget "Table ViewsTests" */ = {
			isa = XCConfigurationList;
			buildConfigurations = (
				F16B9B651D4D8007002249D7 /* Debug */,
				F16B9B661D4D8007002249D7 /* Release */,
			);
			defaultConfigurationIsVisible = 0;
		};
		F16B9B671D4D8007002249D7 /* Build configuration list for PBXNativeTarget "Table ViewsUITests" */ = {
			isa = XCConfigurationList;
			buildConfigurations = (
				F16B9B681D4D8007002249D7 /* Debug */,
				F16B9B691D4D8007002249D7 /* Release */,
			);
			defaultConfigurationIsVisible = 0;
		};
/* End XCConfigurationList section */
	};
	rootObject = F16B9B311D4D8007002249D7 /* Project object */;
}
